
Microsoft Visual Studio Solution File, Format Version 12.00
# Visual Studio Version 17
VisualStudioVersion = 17.9.34616.47
MinimumVisualStudioVersion = 10.0.40219.1
Project("{FAE04EC0-301F-11D3-BF4B-00C04F79EFBC}") = "bt_Linq_lehabinh", "bt_Linq_lehabinh\bt_Linq_lehabinh.csproj", "{CCCFC2ED-ABEB-40C3-B202-E79C95761D56}"
EndProject
Global
	GlobalSection(SolutionConfigurationPlatforms) = preSolution
		Debug|Any CPU = Debug|Any CPU
		Release|Any CPU = Release|Any CPU
	EndGlobalSection
	GlobalSection(ProjectConfigurationPlatforms) = postSolution
		{CCCFC2ED-ABEB-40C3-B202-E79C95761D56}.Debug|Any CPU.ActiveCfg = Debug|Any CPU
		{CCCFC2ED-ABEB-40C3-B202-E79C95761D56}.Debug|Any CPU.Build.0 = Debug|Any CPU
		{CCCFC2ED-ABEB-40C3-B202-E79C95761D56}.Release|Any CPU.ActiveCfg = Release|Any CPU
		{CCCFC2ED-ABEB-40C3-B202-E79C95761D56}.Release|Any CPU.Build.0 = Release|Any CPU
	EndGlobalSection
	GlobalSection(SolutionProperties) = preSolution
		HideSolutionNode = FALSE
	EndGlobalSection
	GlobalSection(ExtensibilityGlobals) = postSolution
		SolutionGuid = {3D05C77B-2FAF-42CF-B1A5-07A58C684FDB}
	EndGlobalSection
EndGlobal
